# THIS IS AN AUTOGENERATED FILE. DO NOT EDIT THIS FILE DIRECTLY.
# yarn lockfile v1


"@types/p5@^0.9.0":
  version "0.9.0"
  resolved "https://registry.yarnpkg.com/@types/p5/-/p5-0.9.0.tgz#aea0afe6ab2f7368b000165a27869cee8f9060a7"
  integrity sha512-GhI0ctGdKlnf1oUEYqE+sTWuGHhjQCZXQPxazdI9Lx2eE6z7qO6T55FGFenOY3wpL8jSzLWRmt83RHGblr4AWg==
