# THIS IS AN AUTOGENERATED FILE. DO NOT EDIT THIS FILE DIRECTLY.
# yarn lockfile v1


"@gerrit0/mini-shiki@^3.17.0":
  version "3.22.0"
  resolved "https://registry.yarnpkg.com/@gerrit0/mini-shiki/-/mini-shiki-3.22.0.tgz#017179c8ebebd572321e734feb0de143d21c8bfc"
  integrity sha512-jMpciqEVUBKE1QwU64S4saNMzpsSza6diNCk4MWAeCxO2+LFi2FIFmL2S0VDLzEJCxuvCbU783xi8Hp/gkM5CQ==
  dependencies:
    "@shikijs/engine-oniguruma" "^3.22.0"
    "@shikijs/langs" "^3.22.0"
    "@shikijs/themes" "^3.22.0"
    "@shikijs/types" "^3.22.0"
    "@shikijs/vscode-textmate" "^10.0.2"

"@shikijs/engine-oniguruma@^3.22.0":
  version "3.22.0"
  resolved "https://registry.yarnpkg.com/@shikijs/engine-oniguruma/-/engine-oniguruma-3.22.0.tgz#d16b66ed18470bc99f5026ec9f635695a10cb7f5"
  integrity sha512-DyXsOG0vGtNtl7ygvabHd7Mt5EY8gCNqR9Y7Lpbbd/PbJvgWrqaKzH1JW6H6qFkuUa8aCxoiYVv8/YfFljiQxA==
  dependencies:
    "@shikijs/types" "3.22.0"
    "@shikijs/vscode-textmate" "^10.0.2"

"@shikijs/langs@^3.22.0":
  version "3.22.0"
  resolved "https://registry.yarnpkg.com/@shikijs/langs/-/langs-3.22.0.tgz#949338647714b89314efbd333070b0c0263b232a"
  integrity sha512-x/42TfhWmp6H00T6uwVrdTJGKgNdFbrEdhaDwSR5fd5zhQ1Q46bHq9EO61SCEWJR0HY7z2HNDMaBZp8JRmKiIA==
  dependencies:
    "@shikijs/types" "3.22.0"

"@shikijs/themes@^3.22.0":
  version "3.22.0"
  resolved "https://registry.yarnpkg.com/@shikijs/themes/-/themes-3.22.0.tgz#0a316f0b1bda2dea378dd0c9d7e0a703f36af2c3"
  integrity sha512-o+tlOKqsr6FE4+mYJG08tfCFDS+3CG20HbldXeVoyP+cYSUxDhrFf3GPjE60U55iOkkjbpY2uC3It/eeja35/g==
  dependencies:
    "@shikijs/types" "3.22.0"

"@shikijs/types@3.22.0", "@shikijs/types@^3.22.0":
  version "3.22.0"
  resolved "https://registry.yarnpkg.com/@shikijs/types/-/types-3.22.0.tgz#43fe92d163742424e794894cb27ce6ce1b4ca8a8"
  integrity sha512-491iAekgKDBFE67z70Ok5a8KBMsQ2IJwOWw3us/7ffQkIBCyOQfm/aNwVMBUriP02QshIfgHCBSIYAl3u2eWjg==
  dependencies:
    "@shikijs/vscode-textmate" "^10.0.2"
    "@types/hast" "^3.0.4"

"@shikijs/vscode-textmate@^10.0.2":
  version "10.0.2"
  resolved "https://registry.yarnpkg.com/@shikijs/vscode-textmate/-/vscode-textmate-10.0.2.tgz#a90ab31d0cc1dfb54c66a69e515bf624fa7b2224"
  integrity sha512-83yeghZ2xxin3Nj8z1NMd/NCuca+gsYXswywDy5bHvwlWL8tpTQmzGeUuHd9FC3E/SBEMvzJRwWEOz5gGes9Qg==

"@types/hast@^3.0.4":
  version "3.0.4"
  resolved "https://registry.yarnpkg.com/@types/hast/-/hast-3.0.4.tgz#1d6b39993b82cea6ad783945b0508c25903e15aa"
  integrity sha512-WPs+bbQw5aCj+x6laNGWLH3wviHtoCv/P3+otBhbOhJgG8qtpdAMlTCxLtsTWA7LH1Oh/bFCHsBn0TPS5m30EQ==
  dependencies:
    "@types/unist" "*"

"@types/unist@*":
  version "3.0.3"
  resolved "https://registry.yarnpkg.com/@types/unist/-/unist-3.0.3.tgz#acaab0f919ce69cce629c2d4ed2eb4adc1b6c20c"
  integrity sha512-ko/gIFJRv177XgZsZcBwnqJN5x/Gien8qNOn0D5bQU/zAzVf9Zt3BlcUiLqhV9y4ARk0GbT3tnUiPNgnTXzc/Q==

argparse@^2.0.1:
  version "2.0.1"
  resolved "https://registry.yarnpkg.com/argparse/-/argparse-2.0.1.tgz#246f50f3ca78a3240f6c997e8a9bd1eac49e4b38"
  integrity sha512-8+9WqebbFzpX9OR+Wa6O29asIogeRMzcGtAINdpMHHyAg10f05aSFVBbcEqGf/PXw1EjAZ+q2/bEBg3DvurK3Q==

balanced-match@^1.0.0:
  version "1.0.2"
  resolved "https://registry.yarnpkg.com/balanced-match/-/balanced-match-1.0.2.tgz#e83e3a7e3f300b34cb9d87f615fa0cbf357690ee"
  integrity sha512-3oSeUO0TMV67hN1AmbXsK4yaqU7tjiHlbxRDZOpH0KW9+CeX4bRAaX0Anxt0tx2MrpRpWwQaPwIlISEJhYU5Pw==

brace-expansion@^2.0.1:
  version "2.0.2"
  resolved "https://registry.yarnpkg.com/brace-expansion/-/brace-expansion-2.0.2.tgz#54fc53237a613d854c7bd37463aad17df87214e7"
  integrity sha512-Jt0vHyM+jmUBqojB7E1NIYadt0vI0Qxjxd2TErW94wDz+E2LAm5vKMXXwg6ZZBTHPuUlDgQHKXvjGBdfcF1ZDQ==
  dependencies:
    balanced-match "^1.0.0"

entities@^4.4.0:
  version "4.5.0"
  resolved "https://registry.yarnpkg.com/entities/-/entities-4.5.0.tgz#5d268ea5e7113ec74c4d033b79ea5a35a488fb48"
  integrity sha512-V0hjH4dGPh9Ao5p0MoRY6BVqtwCjhz6vI5LT8AJ55H+4g9/4vbHx1I54fS0XuclLhDHArPQCiMjDxjaL8fPxhw==

linkify-it@^5.0.0:
  version "5.0.0"
  resolved "https://registry.yarnpkg.com/linkify-it/-/linkify-it-5.0.0.tgz#9ef238bfa6dc70bd8e7f9572b52d369af569b421"
  integrity sha512-5aHCbzQRADcdP+ATqnDuhhJ/MRIqDkZX5pyjFHRRysS8vZ5AbqGEoFIb6pYHPZ+L/OC2Lc+xT8uHVVR5CAK/wQ==
  dependencies:
    uc.micro "^2.0.0"

lunr@^2.3.9:
  version "2.3.9"
  resolved "https://registry.yarnpkg.com/lunr/-/lunr-2.3.9.tgz#18b123142832337dd6e964df1a5a7707b25d35e1"
  integrity sha512-zTU3DaZaF3Rt9rhN3uBMGQD3dD2/vFQqnvZCDv4dl5iOzq2IZQqTxu90r4E5J+nP70J3ilqVCrbho2eWaeW8Ow==

markdown-it@^14.1.0:
  version "14.1.0"
  resolved "https://registry.yarnpkg.com/markdown-it/-/markdown-it-14.1.0.tgz#3c3c5992883c633db4714ccb4d7b5935d98b7d45"
  integrity sha512-a54IwgWPaeBCAAsv13YgmALOF1elABB08FxO9i+r4VFk5Vl4pKokRPeX8u5TCgSsPi6ec1otfLjdOpVcgbpshg==
  dependencies:
    argparse "^2.0.1"
    entities "^4.4.0"
    linkify-it "^5.0.0"
    mdurl "^2.0.0"
    punycode.js "^2.3.1"
    uc.micro "^2.1.0"

mdurl@^2.0.0:
  version "2.0.0"
  resolved "https://registry.yarnpkg.com/mdurl/-/mdurl-2.0.0.tgz#80676ec0433025dd3e17ee983d0fe8de5a2237e0"
  integrity sha512-Lf+9+2r+Tdp5wXDXC4PcIBjTDtq4UKjCPMQhKIuzpJNW0b96kVqSwW0bT7FhRSfmAiFYgP+SCRvdrDozfh0U5w==

minimatch@^9.0.5:
  version "9.0.5"
  resolved "https://registry.yarnpkg.com/minimatch/-/minimatch-9.0.5.tgz#d74f9dd6b57d83d8e98cfb82133b03978bc929e5"
  integrity sha512-G6T0ZX48xgozx7587koeX9Ys2NYy6Gmv//P89sEte9V9whIapMNF4idKxnW2QtCcLiTWlb/wfCabAtAFWhhBow==
  dependencies:
    brace-expansion "^2.0.1"

punycode.js@^2.3.1:
  version "2.3.1"
  resolved "https://registry.yarnpkg.com/punycode.js/-/punycode.js-2.3.1.tgz#6b53e56ad75588234e79f4affa90972c7dd8cdb7"
  integrity sha512-uxFIHU0YlHYhDQtV4R9J6a52SLx28BCjT+4ieh7IGbgwVJWO+km431c4yRlREUAsAmt/uMjQUyQHNEPf0M39CA==

typedoc-plugin-markdown@^4.9.0:
  version "4.9.0"
  resolved "https://registry.yarnpkg.com/typedoc-plugin-markdown/-/typedoc-plugin-markdown-4.9.0.tgz#88f37ba2417fc8b93951d457a3a557682ce5e01e"
  integrity sha512-9Uu4WR9L7ZBgAl60N/h+jqmPxxvnC9nQAlnnO/OujtG2ubjnKTVUFY1XDhcMY+pCqlX3N2HsQM2QTYZIU9tJuw==

typedoc@^0.28.16:
  version "0.28.16"
  resolved "https://registry.yarnpkg.com/typedoc/-/typedoc-0.28.16.tgz#3901672c48746587fa24390077d07317a1fd180f"
  integrity sha512-x4xW77QC3i5DUFMBp0qjukOTnr/sSg+oEs86nB3LjDslvAmwe/PUGDWbe3GrIqt59oTqoXK5GRK9tAa0sYMiog==
  dependencies:
    "@gerrit0/mini-shiki" "^3.17.0"
    lunr "^2.3.9"
    markdown-it "^14.1.0"
    minimatch "^9.0.5"
    yaml "^2.8.1"

typescript@^5.9.3:
  version "5.9.3"
  resolved "https://registry.yarnpkg.com/typescript/-/typescript-5.9.3.tgz#5b4f59e15310ab17a216f5d6cf53ee476ede670f"
  integrity sha512-jl1vZzPDinLr9eUt3J/t7V6FgNEw9QjvBPdysz9KfQDD41fQrC2Y4vKQdiaUpFT4bXlb1RHhLpp8wtm6M5TgSw==

uc.micro@^2.0.0, uc.micro@^2.1.0:
  version "2.1.0"
  resolved "https://registry.yarnpkg.com/uc.micro/-/uc.micro-2.1.0.tgz#f8d3f7d0ec4c3dea35a7e3c8efa4cb8b45c9e7ee"
  integrity sha512-ARDJmphmdvUk6Glw7y9DQ2bFkKBHwQHLi2lsaH6PPmz/Ka9sFOBsBluozhDltWmnv9u/cF6Rt87znRTPV+yp/A==

yaml@^2.8.1:
  version "2.8.2"
  resolved "https://registry.yarnpkg.com/yaml/-/yaml-2.8.2.tgz#5694f25eca0ce9c3e7a9d9e00ce0ddabbd9e35c5"
  integrity sha512-mplynKqc1C2hTVYxd0PU2xQAc22TI1vShAYGksCCfxbn/dFwnHTNi1bvYsBTkhdUNtGIf5xNOg938rrSSYvS9A==
